
Microsoft Visual Studio Solution File, Format Version 12.00
# Visual Studio 15
VisualStudioVersion = 15.0.27428.2002
MinimumVisualStudioVersion = 10.0.40219.1
Project("{FAE04EC0-301F-11D3-BF4B-00C04F79EFBC}") = "HRDepartment", "HRDepartment\HRDepartment.csproj", "{B7D4E61A-D004-4C79-824E-F6490517E625}"
EndProject
Project("{FAE04EC0-301F-11D3-BF4B-00C04F79EFBC}") = "HRDepartment.DAL", "DAL\HRDepartment.DAL.csproj", "{5E971081-D444-4E85-80AC-058E4733951D}"
EndProject
Project("{FAE04EC0-301F-11D3-BF4B-00C04F79EFBC}") = "HRDepartment.BL", "HRDepartment.BL\HRDepartment.BL.csproj", "{75540ED8-D300-4A90-BC07-65CF3E458D99}"
EndProject
Global
	GlobalSection(SolutionConfigurationPlatforms) = preSolution
		Debug|Any CPU = Debug|Any CPU
		Release|Any CPU = Release|Any CPU
	EndGlobalSection
	GlobalSection(ProjectConfigurationPlatforms) = postSolution
		{B7D4E61A-D004-4C79-824E-F6490517E625}.Debug|Any CPU.ActiveCfg = Debug|Any CPU
		{B7D4E61A-D004-4C79-824E-F6490517E625}.Debug|Any CPU.Build.0 = Debug|Any CPU
		{B7D4E61A-D004-4C79-824E-F6490517E625}.Release|Any CPU.ActiveCfg = Release|Any CPU
		{B7D4E61A-D004-4C79-824E-F6490517E625}.Release|Any CPU.Build.0 = Release|Any CPU
		{5E971081-D444-4E85-80AC-058E4733951D}.Debug|Any CPU.ActiveCfg = Debug|Any CPU
		{5E971081-D444-4E85-80AC-058E4733951D}.Debug|Any CPU.Build.0 = Debug|Any CPU
		{5E971081-D444-4E85-80AC-058E4733951D}.Release|Any CPU.ActiveCfg = Release|Any CPU
		{5E971081-D444-4E85-80AC-058E4733951D}.Release|Any CPU.Build.0 = Release|Any CPU
		{75540ED8-D300-4A90-BC07-65CF3E458D99}.Debug|Any CPU.ActiveCfg = Debug|Any CPU
		{75540ED8-D300-4A90-BC07-65CF3E458D99}.Debug|Any CPU.Build.0 = Debug|Any CPU
		{75540ED8-D300-4A90-BC07-65CF3E458D99}.Release|Any CPU.ActiveCfg = Release|Any CPU
		{75540ED8-D300-4A90-BC07-65CF3E458D99}.Release|Any CPU.Build.0 = Release|Any CPU
	EndGlobalSection
	GlobalSection(SolutionProperties) = preSolution
		HideSolutionNode = FALSE
	EndGlobalSection
	GlobalSection(ExtensibilityGlobals) = postSolution
		SolutionGuid = {38DD0570-781C-4AA6-BEF6-C4FE7AA58649}
	EndGlobalSection
EndGlobal
